
Microsoft Visual Studio Solution File, Format Version 12.00
# Visual Studio Version 16
VisualStudioVersion = 16.0.31402.337
MinimumVisualStudioVersion = 10.0.40219.1
Project("{FAE04EC0-301F-11D3-BF4B-00C04F79EFBC}") = "loja.back", "loja.back\loja.back.csproj", "{2BB7CB6A-48E4-401C-83C1-118E340938D5}"
EndProject
Project("{FAE04EC0-301F-11D3-BF4B-00C04F79EFBC}") = "loja.back.Application", "loja.back.Application\loja.back.Application.csproj", "{2FCB3673-9DEA-4F56-9029-D5D16B6C8ED1}"
EndProject
Project("{FAE04EC0-301F-11D3-BF4B-00C04F79EFBC}") = "loja.back.Domain", "loja.back.Domain\loja.back.Domain.csproj", "{DCA5B335-4648-4590-B53D-B42172936094}"
EndProject
Project("{FAE04EC0-301F-11D3-BF4B-00C04F79EFBC}") = "loja.back.Infrastructure", "loja.back.Infrastructure\loja.back.Infrastructure.csproj", "{6E959401-FB85-4ED9-A023-40CC24A21E63}"
EndProject
Project("{FAE04EC0-301F-11D3-BF4B-00C04F79EFBC}") = "loja.back.Test", "loja.back.Test\loja.back.Test.csproj", "{FFC94150-AF91-49A0-8F7A-B12F56E80DEC}"
EndProject
Global
	GlobalSection(SolutionConfigurationPlatforms) = preSolution
		Debug|Any CPU = Debug|Any CPU
		Release|Any CPU = Release|Any CPU
	EndGlobalSection
	GlobalSection(ProjectConfigurationPlatforms) = postSolution
		{2BB7CB6A-48E4-401C-83C1-118E340938D5}.Debug|Any CPU.ActiveCfg = Debug|Any CPU
		{2BB7CB6A-48E4-401C-83C1-118E340938D5}.Debug|Any CPU.Build.0 = Debug|Any CPU
		{2BB7CB6A-48E4-401C-83C1-118E340938D5}.Release|Any CPU.ActiveCfg = Release|Any CPU
		{2BB7CB6A-48E4-401C-83C1-118E340938D5}.Release|Any CPU.Build.0 = Release|Any CPU
		{2FCB3673-9DEA-4F56-9029-D5D16B6C8ED1}.Debug|Any CPU.ActiveCfg = Debug|Any CPU
		{2FCB3673-9DEA-4F56-9029-D5D16B6C8ED1}.Debug|Any CPU.Build.0 = Debug|Any CPU
		{2FCB3673-9DEA-4F56-9029-D5D16B6C8ED1}.Release|Any CPU.ActiveCfg = Release|Any CPU
		{2FCB3673-9DEA-4F56-9029-D5D16B6C8ED1}.Release|Any CPU.Build.0 = Release|Any CPU
		{DCA5B335-4648-4590-B53D-B42172936094}.Debug|Any CPU.ActiveCfg = Debug|Any CPU
		{DCA5B335-4648-4590-B53D-B42172936094}.Debug|Any CPU.Build.0 = Debug|Any CPU
		{DCA5B335-4648-4590-B53D-B42172936094}.Release|Any CPU.ActiveCfg = Release|Any CPU
		{DCA5B335-4648-4590-B53D-B42172936094}.Release|Any CPU.Build.0 = Release|Any CPU
		{6E959401-FB85-4ED9-A023-40CC24A21E63}.Debug|Any CPU.ActiveCfg = Debug|Any CPU
		{6E959401-FB85-4ED9-A023-40CC24A21E63}.Debug|Any CPU.Build.0 = Debug|Any CPU
		{6E959401-FB85-4ED9-A023-40CC24A21E63}.Release|Any CPU.ActiveCfg = Release|Any CPU
		{6E959401-FB85-4ED9-A023-40CC24A21E63}.Release|Any CPU.Build.0 = Release|Any CPU
		{FFC94150-AF91-49A0-8F7A-B12F56E80DEC}.Debug|Any CPU.ActiveCfg = Debug|Any CPU
		{FFC94150-AF91-49A0-8F7A-B12F56E80DEC}.Debug|Any CPU.Build.0 = Debug|Any CPU
		{FFC94150-AF91-49A0-8F7A-B12F56E80DEC}.Release|Any CPU.ActiveCfg = Release|Any CPU
		{FFC94150-AF91-49A0-8F7A-B12F56E80DEC}.Release|Any CPU.Build.0 = Release|Any CPU
	EndGlobalSection
	GlobalSection(SolutionProperties) = preSolution
		HideSolutionNode = FALSE
	EndGlobalSection
	GlobalSection(ExtensibilityGlobals) = postSolution
		SolutionGuid = {7A2EB0A6-117C-4167-9BCB-CD04CB936A71}
	EndGlobalSection
EndGlobal
