
Microsoft Visual Studio Solution File, Format Version 12.00
# Visual Studio Version 16
VisualStudioVersion = 16.0.31402.337
MinimumVisualStudioVersion = 10.0.40219.1
Project("{2150E333-8FDC-42A3-9474-1A3956D46DE8}") = "src", "src", "{9DEB9110-3C23-4F81-B06A-0157AEC28142}"
EndProject
Project("{2150E333-8FDC-42A3-9474-1A3956D46DE8}") = "Building Blocks", "Building Blocks", "{A605EE49-698A-42FD-89D1-E0B28B848F9E}"
EndProject
Project("{2150E333-8FDC-42A3-9474-1A3956D46DE8}") = "Services", "Services", "{77B092B3-3ED0-481F-8F3C-BEA629763F63}"
EndProject
Project("{2150E333-8FDC-42A3-9474-1A3956D46DE8}") = "Web", "Web", "{E3D37E1E-3D40-4CF2-A273-3C1FA11208B4}"
EndProject
Project("{2150E333-8FDC-42A3-9474-1A3956D46DE8}") = "Identidade", "Identidade", "{F07B88A9-EB27-42A0-9038-9EEE991DD647}"
EndProject
Project("{9A19103F-16F7-4668-BE54-9A1E7A4F7556}") = "Loja.Back.Identidade.Api", "src\services\Loja.Back.Identidade.Api\Loja.Back.Identidade.Api.csproj", "{86BB00C6-EA4D-46AC-BA80-5D04C1534DB0}"
	ProjectSection(ProjectDependencies) = postProject
		{76E7EBB8-4B8A-4A33-91A8-1B2BB53AA4B6} = {76E7EBB8-4B8A-4A33-91A8-1B2BB53AA4B6}
	EndProjectSection
EndProject
Project("{2150E333-8FDC-42A3-9474-1A3956D46DE8}") = "MVC", "MVC", "{7BEB86C2-6EFD-4656-A6F2-16C0E6FCFF5B}"
EndProject
Project("{9A19103F-16F7-4668-BE54-9A1E7A4F7556}") = "Loja.Back.MVC", "src\web\Loja.Back.MVC\Loja.Back.MVC.csproj", "{53CF2E56-00D0-43E5-9402-BDE1624AA704}"
EndProject
Project("{2150E333-8FDC-42A3-9474-1A3956D46DE8}") = "Core", "Core", "{66D4FEB0-B3EA-4D46-A767-B32B2874D05E}"
EndProject
Project("{9A19103F-16F7-4668-BE54-9A1E7A4F7556}") = "Loja.Back.Core", "src\building blocks\Loja.Back.Core\Loja.Back.Core.csproj", "{505ECF27-9793-47D1-A73E-D71822BC730B}"
EndProject
Project("{2150E333-8FDC-42A3-9474-1A3956D46DE8}") = "Carrinho", "Carrinho", "{3EE04579-08BD-4A12-803B-072037903A4F}"
EndProject
Project("{2150E333-8FDC-42A3-9474-1A3956D46DE8}") = "Catalogo", "Catalogo", "{43393F64-DB87-4E88-B95B-F8AE134B5B42}"
EndProject
Project("{9A19103F-16F7-4668-BE54-9A1E7A4F7556}") = "Loja.Back.Carrinho.Api", "src\services\Loja.Back.Carrinho.Api\Loja.Back.Carrinho.Api.csproj", "{525124B9-0260-4979-BA70-C983148E5E97}"
EndProject
Project("{9A19103F-16F7-4668-BE54-9A1E7A4F7556}") = "Loja.Back.Catalogo.Api", "src\services\Loja.Back.Catalogo.Api\Loja.Back.Catalogo.Api.csproj", "{058AD58F-FE57-41A8-A813-9266D9E0085B}"
EndProject
Project("{2150E333-8FDC-42A3-9474-1A3956D46DE8}") = "Cliente", "Cliente", "{AE429CD2-43A2-4973-9C86-620EA280A8E1}"
EndProject
Project("{9A19103F-16F7-4668-BE54-9A1E7A4F7556}") = "Loja.Back.Clientes.Api", "src\services\Loja.Back.Cliente.Api\Loja.Back.Clientes.Api.csproj", "{41DE4A12-596E-479E-8F86-4094B02D7FB1}"
EndProject
Project("{2150E333-8FDC-42A3-9474-1A3956D46DE8}") = "Pagamento", "Pagamento", "{01B0F6CC-C8A2-485B-9D6E-C1051AEA8180}"
EndProject
Project("{2150E333-8FDC-42A3-9474-1A3956D46DE8}") = "Pedido", "Pedido", "{BF5CF829-A9F2-4F45-BA70-3D0574FAC9D9}"
EndProject
Project("{9A19103F-16F7-4668-BE54-9A1E7A4F7556}") = "Loja.Back.Pagamento.Api", "src\services\Loja.Back.Pagamento.Api\Loja.Back.Pagamento.Api.csproj", "{2066CA51-ABD9-4D3B-9385-5325361054FB}"
EndProject
Project("{9A19103F-16F7-4668-BE54-9A1E7A4F7556}") = "Loja.Back.Pedido.Api", "src\services\Loja.Back.Pedido.Api\Loja.Back.Pedido.Api.csproj", "{3D26D652-1C97-4072-B793-C3A877B5E399}"
EndProject
Project("{2150E333-8FDC-42A3-9474-1A3956D46DE8}") = "Services", "Services", "{208D9936-99DD-41D9-B5FC-A8BF135A7D5F}"
EndProject
Project("{9A19103F-16F7-4668-BE54-9A1E7A4F7556}") = "Loja.Back.WebAPI.Core", "src\building blocks\Loja.Back.WebAPI.Core\Loja.Back.WebAPI.Core.csproj", "{76E7EBB8-4B8A-4A33-91A8-1B2BB53AA4B6}"
EndProject
Project("{2150E333-8FDC-42A3-9474-1A3956D46DE8}") = "MessageBus", "MessageBus", "{2FFE2DB1-3F02-4D0C-BFE2-7582C1C2AD4E}"
EndProject
Project("{9A19103F-16F7-4668-BE54-9A1E7A4F7556}") = "Loja.Back.MessageBus", "src\building blocks\Loja.Back.MessageBus\Loja.Back.MessageBus.csproj", "{95971D8E-62D2-49AA-9250-40FAD5516907}"
EndProject
Project("{2150E333-8FDC-42A3-9474-1A3956D46DE8}") = "ApiGateways", "ApiGateways", "{3F783845-86D3-47E3-999E-48E88BEBBB79}"
EndProject
Project("{2150E333-8FDC-42A3-9474-1A3956D46DE8}") = "Compras", "Compras", "{DB2080DA-568F-41C5-81DC-38E01EC4ED94}"
EndProject
Project("{FAE04EC0-301F-11D3-BF4B-00C04F79EFBC}") = "Loja.Back.Bff.Compras", "src\api gateways\Loja.Back.Bff.Compras\Loja.Back.Bff.Compras.csproj", "{50FD55EA-52B7-4997-860B-FC4025CF142E}"
EndProject
Global
	GlobalSection(SolutionConfigurationPlatforms) = preSolution
		Debug|Any CPU = Debug|Any CPU
		Release|Any CPU = Release|Any CPU
	EndGlobalSection
	GlobalSection(ProjectConfigurationPlatforms) = postSolution
		{86BB00C6-EA4D-46AC-BA80-5D04C1534DB0}.Debug|Any CPU.ActiveCfg = Debug|Any CPU
		{86BB00C6-EA4D-46AC-BA80-5D04C1534DB0}.Debug|Any CPU.Build.0 = Debug|Any CPU
		{86BB00C6-EA4D-46AC-BA80-5D04C1534DB0}.Release|Any CPU.ActiveCfg = Release|Any CPU
		{86BB00C6-EA4D-46AC-BA80-5D04C1534DB0}.Release|Any CPU.Build.0 = Release|Any CPU
		{53CF2E56-00D0-43E5-9402-BDE1624AA704}.Debug|Any CPU.ActiveCfg = Debug|Any CPU
		{53CF2E56-00D0-43E5-9402-BDE1624AA704}.Debug|Any CPU.Build.0 = Debug|Any CPU
		{53CF2E56-00D0-43E5-9402-BDE1624AA704}.Release|Any CPU.ActiveCfg = Release|Any CPU
		{53CF2E56-00D0-43E5-9402-BDE1624AA704}.Release|Any CPU.Build.0 = Release|Any CPU
		{505ECF27-9793-47D1-A73E-D71822BC730B}.Debug|Any CPU.ActiveCfg = Debug|Any CPU
		{505ECF27-9793-47D1-A73E-D71822BC730B}.Debug|Any CPU.Build.0 = Debug|Any CPU
		{505ECF27-9793-47D1-A73E-D71822BC730B}.Release|Any CPU.ActiveCfg = Release|Any CPU
		{505ECF27-9793-47D1-A73E-D71822BC730B}.Release|Any CPU.Build.0 = Release|Any CPU
		{525124B9-0260-4979-BA70-C983148E5E97}.Debug|Any CPU.ActiveCfg = Debug|Any CPU
		{525124B9-0260-4979-BA70-C983148E5E97}.Debug|Any CPU.Build.0 = Debug|Any CPU
		{525124B9-0260-4979-BA70-C983148E5E97}.Release|Any CPU.ActiveCfg = Release|Any CPU
		{525124B9-0260-4979-BA70-C983148E5E97}.Release|Any CPU.Build.0 = Release|Any CPU
		{058AD58F-FE57-41A8-A813-9266D9E0085B}.Debug|Any CPU.ActiveCfg = Debug|Any CPU
		{058AD58F-FE57-41A8-A813-9266D9E0085B}.Debug|Any CPU.Build.0 = Debug|Any CPU
		{058AD58F-FE57-41A8-A813-9266D9E0085B}.Release|Any CPU.ActiveCfg = Release|Any CPU
		{058AD58F-FE57-41A8-A813-9266D9E0085B}.Release|Any CPU.Build.0 = Release|Any CPU
		{41DE4A12-596E-479E-8F86-4094B02D7FB1}.Debug|Any CPU.ActiveCfg = Debug|Any CPU
		{41DE4A12-596E-479E-8F86-4094B02D7FB1}.Debug|Any CPU.Build.0 = Debug|Any CPU
		{41DE4A12-596E-479E-8F86-4094B02D7FB1}.Release|Any CPU.ActiveCfg = Release|Any CPU
		{41DE4A12-596E-479E-8F86-4094B02D7FB1}.Release|Any CPU.Build.0 = Release|Any CPU
		{2066CA51-ABD9-4D3B-9385-5325361054FB}.Debug|Any CPU.ActiveCfg = Debug|Any CPU
		{2066CA51-ABD9-4D3B-9385-5325361054FB}.Debug|Any CPU.Build.0 = Debug|Any CPU
		{2066CA51-ABD9-4D3B-9385-5325361054FB}.Release|Any CPU.ActiveCfg = Release|Any CPU
		{2066CA51-ABD9-4D3B-9385-5325361054FB}.Release|Any CPU.Build.0 = Release|Any CPU
		{3D26D652-1C97-4072-B793-C3A877B5E399}.Debug|Any CPU.ActiveCfg = Debug|Any CPU
		{3D26D652-1C97-4072-B793-C3A877B5E399}.Debug|Any CPU.Build.0 = Debug|Any CPU
		{3D26D652-1C97-4072-B793-C3A877B5E399}.Release|Any CPU.ActiveCfg = Release|Any CPU
		{3D26D652-1C97-4072-B793-C3A877B5E399}.Release|Any CPU.Build.0 = Release|Any CPU
		{76E7EBB8-4B8A-4A33-91A8-1B2BB53AA4B6}.Debug|Any CPU.ActiveCfg = Debug|Any CPU
		{76E7EBB8-4B8A-4A33-91A8-1B2BB53AA4B6}.Debug|Any CPU.Build.0 = Debug|Any CPU
		{76E7EBB8-4B8A-4A33-91A8-1B2BB53AA4B6}.Release|Any CPU.ActiveCfg = Release|Any CPU
		{76E7EBB8-4B8A-4A33-91A8-1B2BB53AA4B6}.Release|Any CPU.Build.0 = Release|Any CPU
		{95971D8E-62D2-49AA-9250-40FAD5516907}.Debug|Any CPU.ActiveCfg = Debug|Any CPU
		{95971D8E-62D2-49AA-9250-40FAD5516907}.Debug|Any CPU.Build.0 = Debug|Any CPU
		{95971D8E-62D2-49AA-9250-40FAD5516907}.Release|Any CPU.ActiveCfg = Release|Any CPU
		{95971D8E-62D2-49AA-9250-40FAD5516907}.Release|Any CPU.Build.0 = Release|Any CPU
		{50FD55EA-52B7-4997-860B-FC4025CF142E}.Debug|Any CPU.ActiveCfg = Debug|Any CPU
		{50FD55EA-52B7-4997-860B-FC4025CF142E}.Debug|Any CPU.Build.0 = Debug|Any CPU
		{50FD55EA-52B7-4997-860B-FC4025CF142E}.Release|Any CPU.ActiveCfg = Release|Any CPU
		{50FD55EA-52B7-4997-860B-FC4025CF142E}.Release|Any CPU.Build.0 = Release|Any CPU
	EndGlobalSection
	GlobalSection(SolutionProperties) = preSolution
		HideSolutionNode = FALSE
	EndGlobalSection
	GlobalSection(NestedProjects) = preSolution
		{A605EE49-698A-42FD-89D1-E0B28B848F9E} = {9DEB9110-3C23-4F81-B06A-0157AEC28142}
		{77B092B3-3ED0-481F-8F3C-BEA629763F63} = {9DEB9110-3C23-4F81-B06A-0157AEC28142}
		{E3D37E1E-3D40-4CF2-A273-3C1FA11208B4} = {9DEB9110-3C23-4F81-B06A-0157AEC28142}
		{F07B88A9-EB27-42A0-9038-9EEE991DD647} = {77B092B3-3ED0-481F-8F3C-BEA629763F63}
		{86BB00C6-EA4D-46AC-BA80-5D04C1534DB0} = {F07B88A9-EB27-42A0-9038-9EEE991DD647}
		{7BEB86C2-6EFD-4656-A6F2-16C0E6FCFF5B} = {E3D37E1E-3D40-4CF2-A273-3C1FA11208B4}
		{53CF2E56-00D0-43E5-9402-BDE1624AA704} = {7BEB86C2-6EFD-4656-A6F2-16C0E6FCFF5B}
		{66D4FEB0-B3EA-4D46-A767-B32B2874D05E} = {A605EE49-698A-42FD-89D1-E0B28B848F9E}
		{505ECF27-9793-47D1-A73E-D71822BC730B} = {66D4FEB0-B3EA-4D46-A767-B32B2874D05E}
		{3EE04579-08BD-4A12-803B-072037903A4F} = {77B092B3-3ED0-481F-8F3C-BEA629763F63}
		{43393F64-DB87-4E88-B95B-F8AE134B5B42} = {77B092B3-3ED0-481F-8F3C-BEA629763F63}
		{525124B9-0260-4979-BA70-C983148E5E97} = {3EE04579-08BD-4A12-803B-072037903A4F}
		{058AD58F-FE57-41A8-A813-9266D9E0085B} = {43393F64-DB87-4E88-B95B-F8AE134B5B42}
		{AE429CD2-43A2-4973-9C86-620EA280A8E1} = {77B092B3-3ED0-481F-8F3C-BEA629763F63}
		{41DE4A12-596E-479E-8F86-4094B02D7FB1} = {AE429CD2-43A2-4973-9C86-620EA280A8E1}
		{01B0F6CC-C8A2-485B-9D6E-C1051AEA8180} = {77B092B3-3ED0-481F-8F3C-BEA629763F63}
		{BF5CF829-A9F2-4F45-BA70-3D0574FAC9D9} = {77B092B3-3ED0-481F-8F3C-BEA629763F63}
		{2066CA51-ABD9-4D3B-9385-5325361054FB} = {01B0F6CC-C8A2-485B-9D6E-C1051AEA8180}
		{3D26D652-1C97-4072-B793-C3A877B5E399} = {BF5CF829-A9F2-4F45-BA70-3D0574FAC9D9}
		{208D9936-99DD-41D9-B5FC-A8BF135A7D5F} = {A605EE49-698A-42FD-89D1-E0B28B848F9E}
		{76E7EBB8-4B8A-4A33-91A8-1B2BB53AA4B6} = {208D9936-99DD-41D9-B5FC-A8BF135A7D5F}
		{2FFE2DB1-3F02-4D0C-BFE2-7582C1C2AD4E} = {A605EE49-698A-42FD-89D1-E0B28B848F9E}
		{95971D8E-62D2-49AA-9250-40FAD5516907} = {2FFE2DB1-3F02-4D0C-BFE2-7582C1C2AD4E}
		{3F783845-86D3-47E3-999E-48E88BEBBB79} = {9DEB9110-3C23-4F81-B06A-0157AEC28142}
		{DB2080DA-568F-41C5-81DC-38E01EC4ED94} = {3F783845-86D3-47E3-999E-48E88BEBBB79}
		{50FD55EA-52B7-4997-860B-FC4025CF142E} = {DB2080DA-568F-41C5-81DC-38E01EC4ED94}
	EndGlobalSection
	GlobalSection(ExtensibilityGlobals) = postSolution
		SolutionGuid = {7A2EB0A6-117C-4167-9BCB-CD04CB936A71}
	EndGlobalSection
EndGlobal
